{
  "requires": true,
  "lockfileVersion": 1,
  "dependencies": {
    "country-levels": {
      "version": "https://github.com/hyperknot/country-levels/releases/download/v2.2.0/export_json.tgz",
      "integrity": "sha512-s7fwPtig/Ncj9JHu8EhiDLn4QVaBRoSbvAX4mmMk+eyjBEMfgdHbdfh7/Q7z+bjPXuPPlkM4+k44a9uui4kGBg=="
    }
  }
}
