{
  "requires": true,
  "lockfileVersion": 1,
  "dependencies": {
    "country-levels": {
      "version": "https://github.com/hyperknot/country-levels/releases/download/v2.1.0/export_medium.tgz",
      "integrity": "sha512-SVVX1PolTvFzLdz/6vm+Leo0NKdzpMhVoLGJL8U3YBoADLwBJ0ACFxzf4dtHW+pZ8pbO6oGzuVYr+rHoXL3itw=="
    }
  }
}
